
Microsoft Visual Studio Solution File, Format Version 12.00
# Visual Studio Version 17
VisualStudioVersion = 17.7.34031.279
MinimumVisualStudioVersion = 10.0.40219.1
Project("{888888A0-9F3D-457C-B088-3A5042F75D52}") = "Aves Python", "Aves Python\Aves Python.pyproj", "{DABD3782-F997-4762-B2FD-A41EDBDF979A}"
EndProject
Global
	GlobalSection(SolutionConfigurationPlatforms) = preSolution
		Debug|Any CPU = Debug|Any CPU
		Release|Any CPU = Release|Any CPU
	EndGlobalSection
	GlobalSection(ProjectConfigurationPlatforms) = postSolution
		{DABD3782-F997-4762-B2FD-A41EDBDF979A}.Debug|Any CPU.ActiveCfg = Debug|Any CPU
		{DABD3782-F997-4762-B2FD-A41EDBDF979A}.Release|Any CPU.ActiveCfg = Release|Any CPU
	EndGlobalSection
	GlobalSection(SolutionProperties) = preSolution
		HideSolutionNode = FALSE
	EndGlobalSection
	GlobalSection(ExtensibilityGlobals) = postSolution
		SolutionGuid = {502BDE58-07BE-4D88-B084-75A86BFC8232}
	EndGlobalSection
EndGlobal
